// !$*UTF8*$!
{
	archiveVersion = 1;
	classes = {
	};
	objectVersion = 46;
	objects = {

/* Begin PBXBuildFile section */
		793EEB482087C37700B8953C /* RingControl.swift in Sources */ = {isa = PBXBuildFile; fileRef = 793EEB3B2087C37600B8953C /* RingControl.swift */; };
		793EEB492087C37700B8953C /* CGDrawingEngine.swift in Sources */ = {isa = PBXBuildFile; fileRef = 793EEB3C2087C37600B8953C /* CGDrawingEngine.swift */; };
		793EEB4A2087C37700B8953C /* CanvasMainViewController.swift in Sources */ = {isa = PBXBuildFile; fileRef = 793EEB3D2087C37600B8953C /* CanvasMainViewController.swift */; };
		793EEB4B2087C37700B8953C /* Assets.xcassets in Resources */ = {isa = PBXBuildFile; fileRef = 793EEB3E2087C37600B8953C /* Assets.xcassets */; };
		793EEB4C2087C37700B8953C /* LaunchScreen.storyboard in Resources */ = {isa = PBXBuildFile; fileRef = 793EEB3F2087C37600B8953C /* LaunchScreen.storyboard */; };
		793EEB4D2087C37700B8953C /* StrokeGestureRecognizer.swift in Sources */ = {isa = PBXBuildFile; fileRef = 793EEB412087C37600B8953C /* StrokeGestureRecognizer.swift */; };
		793EEB4E2087C37700B8953C /* CanvasContainerView.swift in Sources */ = {isa = PBXBuildFile; fileRef = 793EEB422087C37600B8953C /* CanvasContainerView.swift */; };
		793EEB4F2087C37700B8953C /* RingView.swift in Sources */ = {isa = PBXBuildFile; fileRef = 793EEB432087C37600B8953C /* RingView.swift */; };
		793EEB502087C37700B8953C /* AppDelegate.swift in Sources */ = {isa = PBXBuildFile; fileRef = 793EEB442087C37600B8953C /* AppDelegate.swift */; };
		793EEB512087C37700B8953C /* CGMathExtensions.swift in Sources */ = {isa = PBXBuildFile; fileRef = 793EEB452087C37600B8953C /* CGMathExtensions.swift */; };
		793EEB532087C37700B8953C /* StrokeCollection.swift in Sources */ = {isa = PBXBuildFile; fileRef = 793EEB472087C37600B8953C /* StrokeCollection.swift */; };
		793EEB592087C3B200B8953C /* State.swift in Sources */ = {isa = PBXBuildFile; fileRef = 793EEB582087C3B200B8953C /* State.swift */; };
		793EEB5C2087C57500B8953C /* Driver.swift in Sources */ = {isa = PBXBuildFile; fileRef = 793EEB5B2087C57500B8953C /* Driver.swift */; };
		793EEB5E2087C6AE00B8953C /* Update.swift in Sources */ = {isa = PBXBuildFile; fileRef = 793EEB5D2087C6AE00B8953C /* Update.swift */; };
		793EEB6020888B7F00B8953C /* RawRepresentable+AllCases.swift in Sources */ = {isa = PBXBuildFile; fileRef = 793EEB5F20888B7F00B8953C /* RawRepresentable+AllCases.swift */; };
		793EEB632088939300B8953C /* Bindings.swift in Sources */ = {isa = PBXBuildFile; fileRef = 793EEB622088939300B8953C /* Bindings.swift */; };
		793EEB6F2088BAC200B8953C /* Getter.swift in Sources */ = {isa = PBXBuildFile; fileRef = 793EEB652088BAC100B8953C /* Getter.swift */; };
		793EEB702088BAC200B8953C /* Review.swift in Sources */ = {isa = PBXBuildFile; fileRef = 793EEB662088BAC100B8953C /* Review.swift */; };
		793EEB712088BAC200B8953C /* Forget.swift in Sources */ = {isa = PBXBuildFile; fileRef = 793EEB672088BAC100B8953C /* Forget.swift */; };
		793EEB722088BAC200B8953C /* Index.swift in Sources */ = {isa = PBXBuildFile; fileRef = 793EEB682088BAC100B8953C /* Index.swift */; };
		793EEB732088BAC200B8953C /* Traversal.swift in Sources */ = {isa = PBXBuildFile; fileRef = 793EEB692088BAC100B8953C /* Traversal.swift */; };
		793EEB742088BAC200B8953C /* Fold.swift in Sources */ = {isa = PBXBuildFile; fileRef = 793EEB6A2088BAC100B8953C /* Fold.swift */; };
		793EEB752088BAC200B8953C /* Setter.swift in Sources */ = {isa = PBXBuildFile; fileRef = 793EEB6B2088BAC100B8953C /* Setter.swift */; };
		793EEB762088BAC200B8953C /* KeyPath.swift in Sources */ = {isa = PBXBuildFile; fileRef = 793EEB6C2088BAC100B8953C /* KeyPath.swift */; };
		793EEB772088BAC200B8953C /* Prism.swift in Sources */ = {isa = PBXBuildFile; fileRef = 793EEB6D2088BAC100B8953C /* Prism.swift */; };
		793EEB782088BAC200B8953C /* Star.swift in Sources */ = {isa = PBXBuildFile; fileRef = 793EEB6E2088BAC100B8953C /* Star.swift */; };
		793EEB7E2088BB4700B8953C /* Either.swift in Sources */ = {isa = PBXBuildFile; fileRef = 793EEB7A2088BB4700B8953C /* Either.swift */; };
		793EEB7F2088BB4700B8953C /* Nested.swift in Sources */ = {isa = PBXBuildFile; fileRef = 793EEB7B2088BB4700B8953C /* Nested.swift */; };
		793EEB802088BB4700B8953C /* EitherIO.swift in Sources */ = {isa = PBXBuildFile; fileRef = 793EEB7C2088BB4700B8953C /* EitherIO.swift */; };
		793EEB812088BB4700B8953C /* Choice.swift in Sources */ = {isa = PBXBuildFile; fileRef = 793EEB7D2088BB4700B8953C /* Choice.swift */; };
		793EEB832088C81400B8953C /* Lens+KeyPathExtensions.swift in Sources */ = {isa = PBXBuildFile; fileRef = 793EEB822088C81400B8953C /* Lens+KeyPathExtensions.swift */; };
		793EEB862088DF1700B8953C /* Layout.swift in Sources */ = {isa = PBXBuildFile; fileRef = 793EEB852088DF1700B8953C /* Layout.swift */; };
		793EEB882089148200B8953C /* Constraints.swift in Sources */ = {isa = PBXBuildFile; fileRef = 793EEB872089148200B8953C /* Constraints.swift */; };
		793EEB8A2089247800B8953C /* KeyPath+Any.swift in Sources */ = {isa = PBXBuildFile; fileRef = 793EEB892089247800B8953C /* KeyPath+Any.swift */; };
		793EEB8D2089E05C00B8953C /* TupleType.swift in Sources */ = {isa = PBXBuildFile; fileRef = 793EEB8C2089E05C00B8953C /* TupleType.swift */; };
		793EEB93208A063E00B8953C /* Animated.swift in Sources */ = {isa = PBXBuildFile; fileRef = 793EEB92208A063E00B8953C /* Animated.swift */; };
		796D4C5E2087B48600F22EAF /* IncrementalStdLib.swift in Sources */ = {isa = PBXBuildFile; fileRef = 796D4C482087B48400F22EAF /* IncrementalStdLib.swift */; };
		796D4C5F2087B48600F22EAF /* Incremental+NSObject.swift in Sources */ = {isa = PBXBuildFile; fileRef = 796D4C492087B48400F22EAF /* Incremental+NSObject.swift */; };
		796D4C602087B48600F22EAF /* Incremental.swift in Sources */ = {isa = PBXBuildFile; fileRef = 796D4C4A2087B48500F22EAF /* Incremental.swift */; };
		796D4C712087B48600F22EAF /* IncrementalArray.swift in Sources */ = {isa = PBXBuildFile; fileRef = 796D4C5C2087B48500F22EAF /* IncrementalArray.swift */; };
		796D4C722087B48600F22EAF /* Helpers.swift in Sources */ = {isa = PBXBuildFile; fileRef = 796D4C5D2087B48600F22EAF /* Helpers.swift */; };
		796D4C772087B6B200F22EAF /* Reducer.swift in Sources */ = {isa = PBXBuildFile; fileRef = 796D4C762087B6B200F22EAF /* Reducer.swift */; };
		796D4C792087B6B900F22EAF /* Command.swift in Sources */ = {isa = PBXBuildFile; fileRef = 796D4C782087B6B900F22EAF /* Command.swift */; };
		796D4C7C2087B73900F22EAF /* Monoid.swift in Sources */ = {isa = PBXBuildFile; fileRef = 796D4C7B2087B73900F22EAF /* Monoid.swift */; };
		796D4CA12087B76F00F22EAF /* Func.swift in Sources */ = {isa = PBXBuildFile; fileRef = 796D4C7D2087B76600F22EAF /* Func.swift */; };
		796D4CA22087B76F00F22EAF /* Filterable.swift in Sources */ = {isa = PBXBuildFile; fileRef = 796D4C7E2087B76600F22EAF /* Filterable.swift */; };
		796D4CA32087B76F00F22EAF /* Curry.swift in Sources */ = {isa = PBXBuildFile; fileRef = 796D4C7F2087B76600F22EAF /* Curry.swift */; };
		796D4CA42087B76F00F22EAF /* Equatable.swift in Sources */ = {isa = PBXBuildFile; fileRef = 796D4C802087B76600F22EAF /* Equatable.swift */; };
		796D4CA52087B76F00F22EAF /* OpticsKeyPath.swift in Sources */ = {isa = PBXBuildFile; fileRef = 796D4C812087B76600F22EAF /* OpticsKeyPath.swift */; };
		796D4CA62087B76F00F22EAF /* Ring.swift in Sources */ = {isa = PBXBuildFile; fileRef = 796D4C822087B76700F22EAF /* Ring.swift */; };
		796D4CA72087B76F00F22EAF /* Endo.swift in Sources */ = {isa = PBXBuildFile; fileRef = 796D4C832087B76700F22EAF /* Endo.swift */; };
		796D4CA82087B76F00F22EAF /* Tuple.swift in Sources */ = {isa = PBXBuildFile; fileRef = 796D4C842087B76700F22EAF /* Tuple.swift */; };
		796D4CA92087B76F00F22EAF /* Unit.swift in Sources */ = {isa = PBXBuildFile; fileRef = 796D4C852087B76700F22EAF /* Unit.swift */; };
		796D4CAA2087B76F00F22EAF /* Comparable.swift in Sources */ = {isa = PBXBuildFile; fileRef = 796D4C862087B76700F22EAF /* Comparable.swift */; };
		796D4CAB2087B76F00F22EAF /* Operators.swift in Sources */ = {isa = PBXBuildFile; fileRef = 796D4C872087B76700F22EAF /* Operators.swift */; };
		796D4CAC2087B76F00F22EAF /* PrecedenceGroups.swift in Sources */ = {isa = PBXBuildFile; fileRef = 796D4C882087B76700F22EAF /* PrecedenceGroups.swift */; };
		796D4CAD2087B76F00F22EAF /* Strong.swift in Sources */ = {isa = PBXBuildFile; fileRef = 796D4C892087B76700F22EAF /* Strong.swift */; };
		796D4CAE2087B76F00F22EAF /* Hole.swift in Sources */ = {isa = PBXBuildFile; fileRef = 796D4C8A2087B76800F22EAF /* Hole.swift */; };
		796D4CAF2087B76F00F22EAF /* Optional.swift in Sources */ = {isa = PBXBuildFile; fileRef = 796D4C8B2087B76800F22EAF /* Optional.swift */; };
		796D4CB02087B76F00F22EAF /* Parallel.swift in Sources */ = {isa = PBXBuildFile; fileRef = 796D4C8C2087B76800F22EAF /* Parallel.swift */; };
		796D4CB12087B76F00F22EAF /* Alt.swift in Sources */ = {isa = PBXBuildFile; fileRef = 796D4C8D2087B76800F22EAF /* Alt.swift */; };
		796D4CB22087B76F00F22EAF /* FreeNearSemiring.swift in Sources */ = {isa = PBXBuildFile; fileRef = 796D4C8E2087B76900F22EAF /* FreeNearSemiring.swift */; };
		796D4CB32087B76F00F22EAF /* Collection.swift in Sources */ = {isa = PBXBuildFile; fileRef = 796D4C8F2087B76900F22EAF /* Collection.swift */; };
		796D4CB42087B76F00F22EAF /* Plus.swift in Sources */ = {isa = PBXBuildFile; fileRef = 796D4C902087B76900F22EAF /* Plus.swift */; };
		796D4CB52087B76F00F22EAF /* Set.swift in Sources */ = {isa = PBXBuildFile; fileRef = 796D4C912087B76900F22EAF /* Set.swift */; };
		796D4CB62087B76F00F22EAF /* Comparator.swift in Sources */ = {isa = PBXBuildFile; fileRef = 796D4C922087B76A00F22EAF /* Comparator.swift */; };
		796D4CB72087B76F00F22EAF /* Semiring.swift in Sources */ = {isa = PBXBuildFile; fileRef = 796D4C932087B76A00F22EAF /* Semiring.swift */; };
		796D4CB82087B76F00F22EAF /* CommutativeRing.swift in Sources */ = {isa = PBXBuildFile; fileRef = 796D4C942087B76A00F22EAF /* CommutativeRing.swift */; };
		796D4CB92087B76F00F22EAF /* HeytingAlgebra.swift in Sources */ = {isa = PBXBuildFile; fileRef = 796D4C952087B76B00F22EAF /* HeytingAlgebra.swift */; };
		796D4CBA2087B76F00F22EAF /* Never.swift in Sources */ = {isa = PBXBuildFile; fileRef = 796D4C962087B76B00F22EAF /* Never.swift */; };
		796D4CBB2087B76F00F22EAF /* Sequence.swift in Sources */ = {isa = PBXBuildFile; fileRef = 796D4C972087B76B00F22EAF /* Sequence.swift */; };
		796D4CBC2087B76F00F22EAF /* NearSemiring.swift in Sources */ = {isa = PBXBuildFile; fileRef = 796D4C982087B76C00F22EAF /* NearSemiring.swift */; };
		796D4CBD2087B76F00F22EAF /* IO.swift in Sources */ = {isa = PBXBuildFile; fileRef = 796D4C992087B76C00F22EAF /* IO.swift */; };
		796D4CBE2087B76F00F22EAF /* Function.swift in Sources */ = {isa = PBXBuildFile; fileRef = 796D4C9A2087B76C00F22EAF /* Function.swift */; };
		796D4CBF2087B76F00F22EAF /* Field.swift in Sources */ = {isa = PBXBuildFile; fileRef = 796D4C9B2087B76D00F22EAF /* Field.swift */; };
		796D4CC02087B76F00F22EAF /* Tagged.swift in Sources */ = {isa = PBXBuildFile; fileRef = 796D4C9C2087B76D00F22EAF /* Tagged.swift */; };
		796D4CC12087B76F00F22EAF /* String.swift in Sources */ = {isa = PBXBuildFile; fileRef = 796D4C9D2087B76D00F22EAF /* String.swift */; };
		796D4CC22087B76F00F22EAF /* EuclideanRing.swift in Sources */ = {isa = PBXBuildFile; fileRef = 796D4C9E2087B76E00F22EAF /* EuclideanRing.swift */; };
		796D4CC32087B76F00F22EAF /* Semigroup.swift in Sources */ = {isa = PBXBuildFile; fileRef = 796D4C9F2087B76E00F22EAF /* Semigroup.swift */; };
		796D4CC42087B76F00F22EAF /* Array.swift in Sources */ = {isa = PBXBuildFile; fileRef = 796D4CA02087B76E00F22EAF /* Array.swift */; };
/* End PBXBuildFile section */

/* Begin PBXFileReference section */
		793EEB3B2087C37600B8953C /* RingControl.swift */ = {isa = PBXFileReference; fileEncoding = 4; lastKnownFileType = sourcecode.swift; path = RingControl.swift; sourceTree = "<group>"; };
		793EEB3C2087C37600B8953C /* CGDrawingEngine.swift */ = {isa = PBXFileReference; fileEncoding = 4; lastKnownFileType = sourcecode.swift; path = CGDrawingEngine.swift; sourceTree = "<group>"; };
		793EEB3D2087C37600B8953C /* CanvasMainViewController.swift */ = {isa = PBXFileReference; fileEncoding = 4; lastKnownFileType = sourcecode.swift; path = CanvasMainViewController.swift; sourceTree = "<group>"; };
		793EEB3E2087C37600B8953C /* Assets.xcassets */ = {isa = PBXFileReference; lastKnownFileType = folder.assetcatalog; path = Assets.xcassets; sourceTree = "<group>"; };
		793EEB402087C37600B8953C /* Base */ = {isa = PBXFileReference; lastKnownFileType = file.storyboard; name = Base; path = Base.lproj/LaunchScreen.storyboard; sourceTree = "<group>"; };
		793EEB412087C37600B8953C /* StrokeGestureRecognizer.swift */ = {isa = PBXFileReference; fileEncoding = 4; lastKnownFileType = sourcecode.swift; path = StrokeGestureRecognizer.swift; sourceTree = "<group>"; };
		793EEB422087C37600B8953C /* CanvasContainerView.swift */ = {isa = PBXFileReference; fileEncoding = 4; lastKnownFileType = sourcecode.swift; path = CanvasContainerView.swift; sourceTree = "<group>"; };
		793EEB432087C37600B8953C /* RingView.swift */ = {isa = PBXFileReference; fileEncoding = 4; lastKnownFileType = sourcecode.swift; path = RingView.swift; sourceTree = "<group>"; };
		793EEB442087C37600B8953C /* AppDelegate.swift */ = {isa = PBXFileReference; fileEncoding = 4; lastKnownFileType = sourcecode.swift; path = AppDelegate.swift; sourceTree = "<group>"; };
		793EEB452087C37600B8953C /* CGMathExtensions.swift */ = {isa = PBXFileReference; fileEncoding = 4; lastKnownFileType = sourcecode.swift; path = CGMathExtensions.swift; sourceTree = "<group>"; };
		793EEB462087C37600B8953C /* Info.plist */ = {isa = PBXFileReference; fileEncoding = 4; lastKnownFileType = text.plist.xml; path = Info.plist; sourceTree = "<group>"; };
		793EEB472087C37600B8953C /* StrokeCollection.swift */ = {isa = PBXFileReference; fileEncoding = 4; lastKnownFileType = sourcecode.swift; path = StrokeCollection.swift; sourceTree = "<group>"; };
		793EEB582087C3B200B8953C /* State.swift */ = {isa = PBXFileReference; lastKnownFileType = sourcecode.swift; path = State.swift; sourceTree = "<group>"; };
		793EEB5B2087C57500B8953C /* Driver.swift */ = {isa = PBXFileReference; lastKnownFileType = sourcecode.swift; path = Driver.swift; sourceTree = "<group>"; };
		793EEB5D2087C6AE00B8953C /* Update.swift */ = {isa = PBXFileReference; lastKnownFileType = sourcecode.swift; path = Update.swift; sourceTree = "<group>"; };
		793EEB5F20888B7F00B8953C /* RawRepresentable+AllCases.swift */ = {isa = PBXFileReference; lastKnownFileType = sourcecode.swift; path = "RawRepresentable+AllCases.swift"; sourceTree = "<group>"; };
		793EEB622088939300B8953C /* Bindings.swift */ = {isa = PBXFileReference; lastKnownFileType = sourcecode.swift; path = Bindings.swift; sourceTree = "<group>"; };
		793EEB652088BAC100B8953C /* Getter.swift */ = {isa = PBXFileReference; fileEncoding = 4; lastKnownFileType = sourcecode.swift; path = Getter.swift; sourceTree = "<group>"; };
		793EEB662088BAC100B8953C /* Review.swift */ = {isa = PBXFileReference; fileEncoding = 4; lastKnownFileType = sourcecode.swift; path = Review.swift; sourceTree = "<group>"; };
		793EEB672088BAC100B8953C /* Forget.swift */ = {isa = PBXFileReference; fileEncoding = 4; lastKnownFileType = sourcecode.swift; path = Forget.swift; sourceTree = "<group>"; };
		793EEB682088BAC100B8953C /* Index.swift */ = {isa = PBXFileReference; fileEncoding = 4; lastKnownFileType = sourcecode.swift; path = Index.swift; sourceTree = "<group>"; };
		793EEB692088BAC100B8953C /* Traversal.swift */ = {isa = PBXFileReference; fileEncoding = 4; lastKnownFileType = sourcecode.swift; path = Traversal.swift; sourceTree = "<group>"; };
		793EEB6A2088BAC100B8953C /* Fold.swift */ = {isa = PBXFileReference; fileEncoding = 4; lastKnownFileType = sourcecode.swift; path = Fold.swift; sourceTree = "<group>"; };
		793EEB6B2088BAC100B8953C /* Setter.swift */ = {isa = PBXFileReference; fileEncoding = 4; lastKnownFileType = sourcecode.swift; path = Setter.swift; sourceTree = "<group>"; };
		793EEB6C2088BAC100B8953C /* KeyPath.swift */ = {isa = PBXFileReference; fileEncoding = 4; lastKnownFileType = sourcecode.swift; path = KeyPath.swift; sourceTree = "<group>"; };
		793EEB6D2088BAC100B8953C /* Prism.swift */ = {isa = PBXFileReference; fileEncoding = 4; lastKnownFileType = sourcecode.swift; path = Prism.swift; sourceTree = "<group>"; };
		793EEB6E2088BAC100B8953C /* Star.swift */ = {isa = PBXFileReference; fileEncoding = 4; lastKnownFileType = sourcecode.swift; path = Star.swift; sourceTree = "<group>"; };
		793EEB7A2088BB4700B8953C /* Either.swift */ = {isa = PBXFileReference; fileEncoding = 4; lastKnownFileType = sourcecode.swift; path = Either.swift; sourceTree = "<group>"; };
		793EEB7B2088BB4700B8953C /* Nested.swift */ = {isa = PBXFileReference; fileEncoding = 4; lastKnownFileType = sourcecode.swift; path = Nested.swift; sourceTree = "<group>"; };
		793EEB7C2088BB4700B8953C /* EitherIO.swift */ = {isa = PBXFileReference; fileEncoding = 4; lastKnownFileType = sourcecode.swift; path = EitherIO.swift; sourceTree = "<group>"; };
		793EEB7D2088BB4700B8953C /* Choice.swift */ = {isa = PBXFileReference; fileEncoding = 4; lastKnownFileType = sourcecode.swift; path = Choice.swift; sourceTree = "<group>"; };
		793EEB822088C81400B8953C /* Lens+KeyPathExtensions.swift */ = {isa = PBXFileReference; lastKnownFileType = sourcecode.swift; path = "Lens+KeyPathExtensions.swift"; sourceTree = "<group>"; };
		793EEB852088DF1700B8953C /* Layout.swift */ = {isa = PBXFileReference; lastKnownFileType = sourcecode.swift; path = Layout.swift; sourceTree = "<group>"; };
		793EEB872089148200B8953C /* Constraints.swift */ = {isa = PBXFileReference; lastKnownFileType = sourcecode.swift; path = Constraints.swift; sourceTree = "<group>"; };
		793EEB892089247800B8953C /* KeyPath+Any.swift */ = {isa = PBXFileReference; lastKnownFileType = sourcecode.swift; path = "KeyPath+Any.swift"; sourceTree = "<group>"; };
		793EEB8C2089E05C00B8953C /* TupleType.swift */ = {isa = PBXFileReference; lastKnownFileType = sourcecode.swift; path = TupleType.swift; sourceTree = "<group>"; };
		793EEB92208A063E00B8953C /* Animated.swift */ = {isa = PBXFileReference; lastKnownFileType = sourcecode.swift; path = Animated.swift; sourceTree = "<group>"; };
		796D4C482087B48400F22EAF /* IncrementalStdLib.swift */ = {isa = PBXFileReference; fileEncoding = 4; lastKnownFileType = sourcecode.swift; path = IncrementalStdLib.swift; sourceTree = "<group>"; };
		796D4C492087B48400F22EAF /* Incremental+NSObject.swift */ = {isa = PBXFileReference; fileEncoding = 4; lastKnownFileType = sourcecode.swift; path = "Incremental+NSObject.swift"; sourceTree = "<group>"; };
		796D4C4A2087B48500F22EAF /* Incremental.swift */ = {isa = PBXFileReference; fileEncoding = 4; lastKnownFileType = sourcecode.swift; path = Incremental.swift; sourceTree = "<group>"; };
		796D4C5C2087B48500F22EAF /* IncrementalArray.swift */ = {isa = PBXFileReference; fileEncoding = 4; lastKnownFileType = sourcecode.swift; path = IncrementalArray.swift; sourceTree = "<group>"; };
		796D4C5D2087B48600F22EAF /* Helpers.swift */ = {isa = PBXFileReference; fileEncoding = 4; lastKnownFileType = sourcecode.swift; path = Helpers.swift; sourceTree = "<group>"; };
		796D4C762087B6B200F22EAF /* Reducer.swift */ = {isa = PBXFileReference; fileEncoding = 4; lastKnownFileType = sourcecode.swift; path = Reducer.swift; sourceTree = "<group>"; };
		796D4C782087B6B900F22EAF /* Command.swift */ = {isa = PBXFileReference; fileEncoding = 4; lastKnownFileType = sourcecode.swift; path = Command.swift; sourceTree = "<group>"; };
		796D4C7B2087B73900F22EAF /* Monoid.swift */ = {isa = PBXFileReference; fileEncoding = 4; lastKnownFileType = sourcecode.swift; path = Monoid.swift; sourceTree = "<group>"; };
		796D4C7D2087B76600F22EAF /* Func.swift */ = {isa = PBXFileReference; fileEncoding = 4; lastKnownFileType = sourcecode.swift; path = Func.swift; sourceTree = "<group>"; };
		796D4C7E2087B76600F22EAF /* Filterable.swift */ = {isa = PBXFileReference; fileEncoding = 4; lastKnownFileType = sourcecode.swift; path = Filterable.swift; sourceTree = "<group>"; };
		796D4C7F2087B76600F22EAF /* Curry.swift */ = {isa = PBXFileReference; fileEncoding = 4; lastKnownFileType = sourcecode.swift; path = Curry.swift; sourceTree = "<group>"; };
		796D4C802087B76600F22EAF /* Equatable.swift */ = {isa = PBXFileReference; fileEncoding = 4; lastKnownFileType = sourcecode.swift; path = Equatable.swift; sourceTree = "<group>"; };
		796D4C812087B76600F22EAF /* OpticsKeyPath.swift */ = {isa = PBXFileReference; fileEncoding = 4; lastKnownFileType = sourcecode.swift; path = OpticsKeyPath.swift; sourceTree = "<group>"; };
		796D4C822087B76700F22EAF /* Ring.swift */ = {isa = PBXFileReference; fileEncoding = 4; lastKnownFileType = sourcecode.swift; path = Ring.swift; sourceTree = "<group>"; };
		796D4C832087B76700F22EAF /* Endo.swift */ = {isa = PBXFileReference; fileEncoding = 4; lastKnownFileType = sourcecode.swift; path = Endo.swift; sourceTree = "<group>"; };
		796D4C842087B76700F22EAF /* Tuple.swift */ = {isa = PBXFileReference; fileEncoding = 4; lastKnownFileType = sourcecode.swift; path = Tuple.swift; sourceTree = "<group>"; };
		796D4C852087B76700F22EAF /* Unit.swift */ = {isa = PBXFileReference; fileEncoding = 4; lastKnownFileType = sourcecode.swift; path = Unit.swift; sourceTree = "<group>"; };
		796D4C862087B76700F22EAF /* Comparable.swift */ = {isa = PBXFileReference; fileEncoding = 4; lastKnownFileType = sourcecode.swift; path = Comparable.swift; sourceTree = "<group>"; };
		796D4C872087B76700F22EAF /* Operators.swift */ = {isa = PBXFileReference; fileEncoding = 4; lastKnownFileType = sourcecode.swift; path = Operators.swift; sourceTree = "<group>"; };
		796D4C882087B76700F22EAF /* PrecedenceGroups.swift */ = {isa = PBXFileReference; fileEncoding = 4; lastKnownFileType = sourcecode.swift; path = PrecedenceGroups.swift; sourceTree = "<group>"; };
		796D4C892087B76700F22EAF /* Strong.swift */ = {isa = PBXFileReference; fileEncoding = 4; lastKnownFileType = sourcecode.swift; path = Strong.swift; sourceTree = "<group>"; };
		796D4C8A2087B76800F22EAF /* Hole.swift */ = {isa = PBXFileReference; fileEncoding = 4; lastKnownFileType = sourcecode.swift; path = Hole.swift; sourceTree = "<group>"; };
		796D4C8B2087B76800F22EAF /* Optional.swift */ = {isa = PBXFileReference; fileEncoding = 4; lastKnownFileType = sourcecode.swift; path = Optional.swift; sourceTree = "<group>"; };
		796D4C8C2087B76800F22EAF /* Parallel.swift */ = {isa = PBXFileReference; fileEncoding = 4; lastKnownFileType = sourcecode.swift; path = Parallel.swift; sourceTree = "<group>"; };
		796D4C8D2087B76800F22EAF /* Alt.swift */ = {isa = PBXFileReference; fileEncoding = 4; lastKnownFileType = sourcecode.swift; path = Alt.swift; sourceTree = "<group>"; };
		796D4C8E2087B76900F22EAF /* FreeNearSemiring.swift */ = {isa = PBXFileReference; fileEncoding = 4; lastKnownFileType = sourcecode.swift; path = FreeNearSemiring.swift; sourceTree = "<group>"; };
		796D4C8F2087B76900F22EAF /* Collection.swift */ = {isa = PBXFileReference; fileEncoding = 4; lastKnownFileType = sourcecode.swift; path = Collection.swift; sourceTree = "<group>"; };
		796D4C902087B76900F22EAF /* Plus.swift */ = {isa = PBXFileReference; fileEncoding = 4; lastKnownFileType = sourcecode.swift; path = Plus.swift; sourceTree = "<group>"; };
		796D4C912087B76900F22EAF /* Set.swift */ = {isa = PBXFileReference; fileEncoding = 4; lastKnownFileType = sourcecode.swift; path = Set.swift; sourceTree = "<group>"; };
		796D4C922087B76A00F22EAF /* Comparator.swift */ = {isa = PBXFileReference; fileEncoding = 4; lastKnownFileType = sourcecode.swift; path = Comparator.swift; sourceTree = "<group>"; };
		796D4C932087B76A00F22EAF /* Semiring.swift */ = {isa = PBXFileReference; fileEncoding = 4; lastKnownFileType = sourcecode.swift; path = Semiring.swift; sourceTree = "<group>"; };
		796D4C942087B76A00F22EAF /* CommutativeRing.swift */ = {isa = PBXFileReference; fileEncoding = 4; lastKnownFileType = sourcecode.swift; path = CommutativeRing.swift; sourceTree = "<group>"; };
		796D4C952087B76B00F22EAF /* HeytingAlgebra.swift */ = {isa = PBXFileReference; fileEncoding = 4; lastKnownFileType = sourcecode.swift; path = HeytingAlgebra.swift; sourceTree = "<group>"; };
		796D4C962087B76B00F22EAF /* Never.swift */ = {isa = PBXFileReference; fileEncoding = 4; lastKnownFileType = sourcecode.swift; path = Never.swift; sourceTree = "<group>"; };
		796D4C972087B76B00F22EAF /* Sequence.swift */ = {isa = PBXFileReference; fileEncoding = 4; lastKnownFileType = sourcecode.swift; path = Sequence.swift; sourceTree = "<group>"; };
		796D4C982087B76C00F22EAF /* NearSemiring.swift */ = {isa = PBXFileReference; fileEncoding = 4; lastKnownFileType = sourcecode.swift; path = NearSemiring.swift; sourceTree = "<group>"; };
		796D4C992087B76C00F22EAF /* IO.swift */ = {isa = PBXFileReference; fileEncoding = 4; lastKnownFileType = sourcecode.swift; path = IO.swift; sourceTree = "<group>"; };
		796D4C9A2087B76C00F22EAF /* Function.swift */ = {isa = PBXFileReference; fileEncoding = 4; lastKnownFileType = sourcecode.swift; path = Function.swift; sourceTree = "<group>"; };
		796D4C9B2087B76D00F22EAF /* Field.swift */ = {isa = PBXFileReference; fileEncoding = 4; lastKnownFileType = sourcecode.swift; path = Field.swift; sourceTree = "<group>"; };
		796D4C9C2087B76D00F22EAF /* Tagged.swift */ = {isa = PBXFileReference; fileEncoding = 4; lastKnownFileType = sourcecode.swift; path = Tagged.swift; sourceTree = "<group>"; };
		796D4C9D2087B76D00F22EAF /* String.swift */ = {isa = PBXFileReference; fileEncoding = 4; lastKnownFileType = sourcecode.swift; path = String.swift; sourceTree = "<group>"; };
		796D4C9E2087B76E00F22EAF /* EuclideanRing.swift */ = {isa = PBXFileReference; fileEncoding = 4; lastKnownFileType = sourcecode.swift; path = EuclideanRing.swift; sourceTree = "<group>"; };
		796D4C9F2087B76E00F22EAF /* Semigroup.swift */ = {isa = PBXFileReference; fileEncoding = 4; lastKnownFileType = sourcecode.swift; path = Semigroup.swift; sourceTree = "<group>"; };
		796D4CA02087B76E00F22EAF /* Array.swift */ = {isa = PBXFileReference; fileEncoding = 4; lastKnownFileType = sourcecode.swift; path = Array.swift; sourceTree = "<group>"; };
		F214544C1CFB4E23003F77B0 /* README.md */ = {isa = PBXFileReference; fileEncoding = 4; lastKnownFileType = net.daringfireball.markdown; path = README.md; sourceTree = "<group>"; };
		F2D0CD8F1CDD78CC0097775C /* SpeedSketch.app */ = {isa = PBXFileReference; explicitFileType = wrapper.application; includeInIndex = 0; path = SpeedSketch.app; sourceTree = BUILT_PRODUCTS_DIR; };
/* End PBXFileReference section */

/* Begin PBXFrameworksBuildPhase section */
		F2D0CD8C1CDD78CC0097775C /* Frameworks */ = {
			isa = PBXFrameworksBuildPhase;
			buildActionMask = 2147483647;
			files = (
			);
			runOnlyForDeploymentPostprocessing = 0;
		};
/* End PBXFrameworksBuildPhase section */

/* Begin PBXGroup section */
		793EEB3A2087C37600B8953C /* SpeedSketch */ = {
			isa = PBXGroup;
			children = (
				793EEB542087C37D00B8953C /* Model */,
				793EEB562087C39700B8953C /* Update */,
				793EEB552087C38C00B8953C /* View */,
				793EEB3B2087C37600B8953C /* RingControl.swift */,
				793EEB3C2087C37600B8953C /* CGDrawingEngine.swift */,
				793EEB3D2087C37600B8953C /* CanvasMainViewController.swift */,
				793EEB3E2087C37600B8953C /* Assets.xcassets */,
				793EEB3F2087C37600B8953C /* LaunchScreen.storyboard */,
				793EEB412087C37600B8953C /* StrokeGestureRecognizer.swift */,
				793EEB422087C37600B8953C /* CanvasContainerView.swift */,
				793EEB432087C37600B8953C /* RingView.swift */,
				793EEB442087C37600B8953C /* AppDelegate.swift */,
				793EEB452087C37600B8953C /* CGMathExtensions.swift */,
				793EEB462087C37600B8953C /* Info.plist */,
				793EEB472087C37600B8953C /* StrokeCollection.swift */,
			);
			path = SpeedSketch;
			sourceTree = "<group>";
		};
		793EEB542087C37D00B8953C /* Model */ = {
			isa = PBXGroup;
			children = (
				793EEB582087C3B200B8953C /* State.swift */,
			);
			path = Model;
			sourceTree = "<group>";
		};
		793EEB552087C38C00B8953C /* View */ = {
			isa = PBXGroup;
			children = (
			);
			path = View;
			sourceTree = "<group>";
		};
		793EEB562087C39700B8953C /* Update */ = {
			isa = PBXGroup;
			children = (
				793EEB5D2087C6AE00B8953C /* Update.swift */,
			);
			path = Update;
			sourceTree = "<group>";
		};
		793EEB612088937C00B8953C /* Bindings */ = {
			isa = PBXGroup;
			children = (
				793EEB622088939300B8953C /* Bindings.swift */,
				793EEB822088C81400B8953C /* Lens+KeyPathExtensions.swift */,
			);
			path = Bindings;
			sourceTree = "<group>";
		};
		793EEB642088BAC100B8953C /* Optics */ = {
			isa = PBXGroup;
			children = (
				793EEB652088BAC100B8953C /* Getter.swift */,
				793EEB662088BAC100B8953C /* Review.swift */,
				793EEB672088BAC100B8953C /* Forget.swift */,
				793EEB682088BAC100B8953C /* Index.swift */,
				793EEB692088BAC100B8953C /* Traversal.swift */,
				793EEB6A2088BAC100B8953C /* Fold.swift */,
				793EEB6B2088BAC100B8953C /* Setter.swift */,
				793EEB6C2088BAC100B8953C /* KeyPath.swift */,
				793EEB6D2088BAC100B8953C /* Prism.swift */,
				793EEB6E2088BAC100B8953C /* Star.swift */,
			);
			path = Optics;
			sourceTree = "<group>";
		};
		793EEB792088BB4700B8953C /* Either */ = {
			isa = PBXGroup;
			children = (
				793EEB7A2088BB4700B8953C /* Either.swift */,
				793EEB7B2088BB4700B8953C /* Nested.swift */,
				793EEB7C2088BB4700B8953C /* EitherIO.swift */,
				793EEB7D2088BB4700B8953C /* Choice.swift */,
			);
			path = Either;
			sourceTree = "<group>";
		};
		793EEB842088DF0B00B8953C /* Layout */ = {
			isa = PBXGroup;
			children = (
				793EEB852088DF1700B8953C /* Layout.swift */,
				793EEB872089148200B8953C /* Constraints.swift */,
			);
			path = Layout;
			sourceTree = "<group>";
		};
		793EEB8B2089E05200B8953C /* Tuple */ = {
			isa = PBXGroup;
			children = (
				793EEB8C2089E05C00B8953C /* TupleType.swift */,
			);
			path = Tuple;
			sourceTree = "<group>";
		};
		793EEB91208A063000B8953C /* Animated */ = {
			isa = PBXGroup;
			children = (
				793EEB92208A063E00B8953C /* Animated.swift */,
			);
			path = Animated;
			sourceTree = "<group>";
		};
		796D4C462087B33600F22EAF /* Prelude */ = {
			isa = PBXGroup;
			children = (
				793EEB91208A063000B8953C /* Animated */,
				793EEB842088DF0B00B8953C /* Layout */,
				793EEB612088937C00B8953C /* Bindings */,
				796D4C7A2087B70100F22EAF /* Pointfreeco */,
				796D4C732087B5B600F22EAF /* ElmArchitecture */,
				796D4C472087B34900F22EAF /* Incremental */,
				793EEB5F20888B7F00B8953C /* RawRepresentable+AllCases.swift */,
				793EEB892089247800B8953C /* KeyPath+Any.swift */,
			);
			path = Prelude;
			sourceTree = "<group>";
		};
		796D4C472087B34900F22EAF /* Incremental */ = {
			isa = PBXGroup;
			children = (
				796D4C5D2087B48600F22EAF /* Helpers.swift */,
				796D4C4A2087B48500F22EAF /* Incremental.swift */,
				796D4C492087B48400F22EAF /* Incremental+NSObject.swift */,
				796D4C5C2087B48500F22EAF /* IncrementalArray.swift */,
				796D4C482087B48400F22EAF /* IncrementalStdLib.swift */,
			);
			path = Incremental;
			sourceTree = "<group>";
		};
		796D4C732087B5B600F22EAF /* ElmArchitecture */ = {
			isa = PBXGroup;
			children = (
				796D4C762087B6B200F22EAF /* Reducer.swift */,
				796D4C782087B6B900F22EAF /* Command.swift */,
				793EEB5B2087C57500B8953C /* Driver.swift */,
			);
			path = ElmArchitecture;
			sourceTree = "<group>";
		};
		796D4C7A2087B70100F22EAF /* Pointfreeco */ = {
			isa = PBXGroup;
			children = (
				793EEB8B2089E05200B8953C /* Tuple */,
				793EEB792088BB4700B8953C /* Either */,
				793EEB642088BAC100B8953C /* Optics */,
				796D4C7B2087B73900F22EAF /* Monoid.swift */,
				796D4C8D2087B76800F22EAF /* Alt.swift */,
				796D4CA02087B76E00F22EAF /* Array.swift */,
				796D4C8F2087B76900F22EAF /* Collection.swift */,
				796D4C942087B76A00F22EAF /* CommutativeRing.swift */,
				796D4C862087B76700F22EAF /* Comparable.swift */,
				796D4C922087B76A00F22EAF /* Comparator.swift */,
				796D4C7F2087B76600F22EAF /* Curry.swift */,
				796D4C832087B76700F22EAF /* Endo.swift */,
				796D4C802087B76600F22EAF /* Equatable.swift */,
				796D4C9E2087B76E00F22EAF /* EuclideanRing.swift */,
				796D4C9B2087B76D00F22EAF /* Field.swift */,
				796D4C7E2087B76600F22EAF /* Filterable.swift */,
				796D4C8E2087B76900F22EAF /* FreeNearSemiring.swift */,
				796D4C7D2087B76600F22EAF /* Func.swift */,
				796D4C9A2087B76C00F22EAF /* Function.swift */,
				796D4C952087B76B00F22EAF /* HeytingAlgebra.swift */,
				796D4C8A2087B76800F22EAF /* Hole.swift */,
				796D4C992087B76C00F22EAF /* IO.swift */,
				796D4C812087B76600F22EAF /* OpticsKeyPath.swift */,
				796D4C982087B76C00F22EAF /* NearSemiring.swift */,
				796D4C962087B76B00F22EAF /* Never.swift */,
				796D4C872087B76700F22EAF /* Operators.swift */,
				796D4C8B2087B76800F22EAF /* Optional.swift */,
				796D4C8C2087B76800F22EAF /* Parallel.swift */,
				796D4C902087B76900F22EAF /* Plus.swift */,
				796D4C882087B76700F22EAF /* PrecedenceGroups.swift */,
				796D4C822087B76700F22EAF /* Ring.swift */,
				796D4C9F2087B76E00F22EAF /* Semigroup.swift */,
				796D4C932087B76A00F22EAF /* Semiring.swift */,
				796D4C972087B76B00F22EAF /* Sequence.swift */,
				796D4C912087B76900F22EAF /* Set.swift */,
				796D4C9D2087B76D00F22EAF /* String.swift */,
				796D4C892087B76700F22EAF /* Strong.swift */,
				796D4C9C2087B76D00F22EAF /* Tagged.swift */,
				796D4C842087B76700F22EAF /* Tuple.swift */,
				796D4C852087B76700F22EAF /* Unit.swift */,
			);
			path = Pointfreeco;
			sourceTree = "<group>";
		};
		F25618401CDEC7BD00C01A7C /* Frameworks */ = {
			isa = PBXGroup;
			children = (
			);
			name = Frameworks;
			sourceTree = "<group>";
		};
		F2D0CD861CDD78CC0097775C = {
			isa = PBXGroup;
			children = (
				796D4C462087B33600F22EAF /* Prelude */,
				F214544C1CFB4E23003F77B0 /* README.md */,
				793EEB3A2087C37600B8953C /* SpeedSketch */,
				F2D0CD901CDD78CC0097775C /* Products */,
				F25618401CDEC7BD00C01A7C /* Frameworks */,
			);
			sourceTree = "<group>";
		};
		F2D0CD901CDD78CC0097775C /* Products */ = {
			isa = PBXGroup;
			children = (
				F2D0CD8F1CDD78CC0097775C /* SpeedSketch.app */,
			);
			name = Products;
			sourceTree = "<group>";
		};
/* End PBXGroup section */

/* Begin PBXNativeTarget section */
		F2D0CD8E1CDD78CC0097775C /* SpeedSketch */ = {
			isa = PBXNativeTarget;
			buildConfigurationList = F2D0CDA11CDD78CC0097775C /* Build configuration list for PBXNativeTarget "SpeedSketch" */;
			buildPhases = (
				F2D0CD8B1CDD78CC0097775C /* Sources */,
				F2D0CD8C1CDD78CC0097775C /* Frameworks */,
				F2D0CD8D1CDD78CC0097775C /* Resources */,
			);
			buildRules = (
			);
			dependencies = (
			);
			name = SpeedSketch;
			productName = SpeedSketch;
			productReference = F2D0CD8F1CDD78CC0097775C /* SpeedSketch.app */;
			productType = "com.apple.product-type.application";
		};
/* End PBXNativeTarget section */

/* Begin PBXProject section */
		F2D0CD871CDD78CC0097775C /* Project object */ = {
			isa = PBXProject;
			attributes = {
				LastSwiftUpdateCheck = 0800;
				LastUpgradeCheck = 0800;
				ORGANIZATIONNAME = UIKit;
				TargetAttributes = {
					F2D0CD8E1CDD78CC0097775C = {
						CreatedOnToolsVersion = 8.0;
						ProvisioningStyle = Automatic;
					};
				};
			};
			buildConfigurationList = F2D0CD8A1CDD78CC0097775C /* Build configuration list for PBXProject "SpeedSketch" */;
			compatibilityVersion = "Xcode 3.2";
			developmentRegion = English;
			hasScannedForEncodings = 0;
			knownRegions = (
				en,
				Base,
			);
			mainGroup = F2D0CD861CDD78CC0097775C;
			productRefGroup = F2D0CD901CDD78CC0097775C /* Products */;
			projectDirPath = "";
			projectRoot = "";
			targets = (
				F2D0CD8E1CDD78CC0097775C /* SpeedSketch */,
			);
		};
/* End PBXProject section */

/* Begin PBXResourcesBuildPhase section */
		F2D0CD8D1CDD78CC0097775C /* Resources */ = {
			isa = PBXResourcesBuildPhase;
			buildActionMask = 2147483647;
			files = (
				793EEB4B2087C37700B8953C /* Assets.xcassets in Resources */,
				793EEB4C2087C37700B8953C /* LaunchScreen.storyboard in Resources */,
			);
			runOnlyForDeploymentPostprocessing = 0;
		};
/* End PBXResourcesBuildPhase section */

/* Begin PBXSourcesBuildPhase section */
		F2D0CD8B1CDD78CC0097775C /* Sources */ = {
			isa = PBXSourcesBuildPhase;
			buildActionMask = 2147483647;
			files = (
				793EEB6020888B7F00B8953C /* RawRepresentable+AllCases.swift in Sources */,
				793EEB5C2087C57500B8953C /* Driver.swift in Sources */,
				793EEB492087C37700B8953C /* CGDrawingEngine.swift in Sources */,
				793EEB5E2087C6AE00B8953C /* Update.swift in Sources */,
				793EEB7F2088BB4700B8953C /* Nested.swift in Sources */,
				796D4C5E2087B48600F22EAF /* IncrementalStdLib.swift in Sources */,
				793EEB702088BAC200B8953C /* Review.swift in Sources */,
				796D4CB12087B76F00F22EAF /* Alt.swift in Sources */,
				796D4CBD2087B76F00F22EAF /* IO.swift in Sources */,
				796D4CA72087B76F00F22EAF /* Endo.swift in Sources */,
				793EEB592087C3B200B8953C /* State.swift in Sources */,
				796D4CB92087B76F00F22EAF /* HeytingAlgebra.swift in Sources */,
				793EEB732088BAC200B8953C /* Traversal.swift in Sources */,
				796D4CC42087B76F00F22EAF /* Array.swift in Sources */,
				796D4CBB2087B76F00F22EAF /* Sequence.swift in Sources */,
				793EEB862088DF1700B8953C /* Layout.swift in Sources */,
				796D4CBA2087B76F00F22EAF /* Never.swift in Sources */,
				793EEB712088BAC200B8953C /* Forget.swift in Sources */,
				793EEB7E2088BB4700B8953C /* Either.swift in Sources */,
				796D4CB02087B76F00F22EAF /* Parallel.swift in Sources */,
				796D4CA82087B76F00F22EAF /* Tuple.swift in Sources */,
				796D4CB42087B76F00F22EAF /* Plus.swift in Sources */,
				796D4CA12087B76F00F22EAF /* Func.swift in Sources */,
				793EEB632088939300B8953C /* Bindings.swift in Sources */,
				796D4CC32087B76F00F22EAF /* Semigroup.swift in Sources */,
				796D4CAD2087B76F00F22EAF /* Strong.swift in Sources */,
				793EEB502087C37700B8953C /* AppDelegate.swift in Sources */,
				796D4CA52087B76F00F22EAF /* OpticsKeyPath.swift in Sources */,
				796D4C712087B48600F22EAF /* IncrementalArray.swift in Sources */,
				796D4C722087B48600F22EAF /* Helpers.swift in Sources */,
				796D4CAB2087B76F00F22EAF /* Operators.swift in Sources */,
				796D4CB52087B76F00F22EAF /* Set.swift in Sources */,
				793EEB4F2087C37700B8953C /* RingView.swift in Sources */,
				793EEB832088C81400B8953C /* Lens+KeyPathExtensions.swift in Sources */,
				796D4CA42087B76F00F22EAF /* Equatable.swift in Sources */,
				796D4CB22087B76F00F22EAF /* FreeNearSemiring.swift in Sources */,
				793EEB6F2088BAC200B8953C /* Getter.swift in Sources */,
				796D4CBE2087B76F00F22EAF /* Function.swift in Sources */,
				793EEB512087C37700B8953C /* CGMathExtensions.swift in Sources */,
				793EEB772088BAC200B8953C /* Prism.swift in Sources */,
				793EEB4E2087C37700B8953C /* CanvasContainerView.swift in Sources */,
				793EEB4D2087C37700B8953C /* StrokeGestureRecognizer.swift in Sources */,
				796D4CA22087B76F00F22EAF /* Filterable.swift in Sources */,
				793EEB782088BAC200B8953C /* Star.swift in Sources */,
				796D4CAF2087B76F00F22EAF /* Optional.swift in Sources */,
				796D4CBF2087B76F00F22EAF /* Field.swift in Sources */,
				793EEB93208A063E00B8953C /* Animated.swift in Sources */,
				793EEB532087C37700B8953C /* StrokeCollection.swift in Sources */,
				793EEB802088BB4700B8953C /* EitherIO.swift in Sources */,
				796D4CA92087B76F00F22EAF /* Unit.swift in Sources */,
				793EEB742088BAC200B8953C /* Fold.swift in Sources */,
				796D4CAE2087B76F00F22EAF /* Hole.swift in Sources */,
				796D4CB62087B76F00F22EAF /* Comparator.swift in Sources */,
				793EEB882089148200B8953C /* Constraints.swift in Sources */,
				796D4CB82087B76F00F22EAF /* CommutativeRing.swift in Sources */,
				793EEB4A2087C37700B8953C /* CanvasMainViewController.swift in Sources */,
				796D4CC02087B76F00F22EAF /* Tagged.swift in Sources */,
				793EEB762088BAC200B8953C /* KeyPath.swift in Sources */,
				796D4C792087B6B900F22EAF /* Command.swift in Sources */,
				796D4CA62087B76F00F22EAF /* Ring.swift in Sources */,
				796D4CBC2087B76F00F22EAF /* NearSemiring.swift in Sources */,
				796D4C7C2087B73900F22EAF /* Monoid.swift in Sources */,
				793EEB8D2089E05C00B8953C /* TupleType.swift in Sources */,
				793EEB752088BAC200B8953C /* Setter.swift in Sources */,
				793EEB482087C37700B8953C /* RingControl.swift in Sources */,
				796D4C772087B6B200F22EAF /* Reducer.swift in Sources */,
				793EEB722088BAC200B8953C /* Index.swift in Sources */,
				796D4CB32087B76F00F22EAF /* Collection.swift in Sources */,
				796D4CB72087B76F00F22EAF /* Semiring.swift in Sources */,
				796D4C5F2087B48600F22EAF /* Incremental+NSObject.swift in Sources */,
				796D4CC12087B76F00F22EAF /* String.swift in Sources */,
				793EEB812088BB4700B8953C /* Choice.swift in Sources */,
				796D4CC22087B76F00F22EAF /* EuclideanRing.swift in Sources */,
				796D4CAA2087B76F00F22EAF /* Comparable.swift in Sources */,
				796D4CA32087B76F00F22EAF /* Curry.swift in Sources */,
				793EEB8A2089247800B8953C /* KeyPath+Any.swift in Sources */,
				796D4C602087B48600F22EAF /* Incremental.swift in Sources */,
				796D4CAC2087B76F00F22EAF /* PrecedenceGroups.swift in Sources */,
			);
			runOnlyForDeploymentPostprocessing = 0;
		};
/* End PBXSourcesBuildPhase section */

/* Begin PBXVariantGroup section */
		793EEB3F2087C37600B8953C /* LaunchScreen.storyboard */ = {
			isa = PBXVariantGroup;
			children = (
				793EEB402087C37600B8953C /* Base */,
			);
			name = LaunchScreen.storyboard;
			sourceTree = "<group>";
		};
/* End PBXVariantGroup section */

/* Begin XCBuildConfiguration section */
		F2D0CD9F1CDD78CC0097775C /* Debug */ = {
			isa = XCBuildConfiguration;
			buildSettings = {
				ALWAYS_SEARCH_USER_PATHS = NO;
				ASSETCATALOG_COMPRESSION = lossless;
				CLANG_ANALYZER_NONNULL = YES;
				CLANG_CXX_LANGUAGE_STANDARD = "gnu++0x";
				CLANG_CXX_LIBRARY = "libc++";
				CLANG_ENABLE_MODULES = YES;
				CLANG_ENABLE_OBJC_ARC = YES;
				CLANG_WARN_BOOL_CONVERSION = YES;
				CLANG_WARN_CONSTANT_CONVERSION = YES;
				CLANG_WARN_DIRECT_OBJC_ISA_USAGE = YES_ERROR;
				CLANG_WARN_DOCUMENTATION_COMMENTS = YES;
				CLANG_WARN_EMPTY_BODY = YES;
				CLANG_WARN_ENUM_CONVERSION = YES;
				CLANG_WARN_INT_CONVERSION = YES;
				CLANG_WARN_OBJC_ROOT_CLASS = YES_ERROR;
				CLANG_WARN_UNREACHABLE_CODE = YES;
				CLANG_WARN__DUPLICATE_METHOD_MATCH = YES;
				CODE_SIGN_IDENTITY = "iPhone Developer";
				"CODE_SIGN_IDENTITY[sdk=iphoneos*]" = "iPhone Developer";
				COPY_PHASE_STRIP = NO;
				DEBUG_INFORMATION_FORMAT = dwarf;
				ENABLE_STRICT_OBJC_MSGSEND = YES;
				ENABLE_TESTABILITY = YES;
				GCC_C_LANGUAGE_STANDARD = gnu99;
				GCC_DYNAMIC_NO_PIC = NO;
				GCC_NO_COMMON_BLOCKS = YES;
				GCC_OPTIMIZATION_LEVEL = 0;
				GCC_PREPROCESSOR_DEFINITIONS = (
					"DEBUG=1",
					"$(inherited)",
				);
				GCC_WARN_64_TO_32_BIT_CONVERSION = YES;
				GCC_WARN_ABOUT_RETURN_TYPE = YES_ERROR;
				GCC_WARN_UNDECLARED_SELECTOR = YES;
				GCC_WARN_UNINITIALIZED_AUTOS = YES_AGGRESSIVE;
				GCC_WARN_UNUSED_FUNCTION = YES;
				GCC_WARN_UNUSED_VARIABLE = YES;
				IPHONEOS_DEPLOYMENT_TARGET = 10.0;
				MTL_ENABLE_DEBUG_INFO = YES;
				ONLY_ACTIVE_ARCH = YES;
				SDKROOT = iphoneos;
				STRIP_INSTALLED_PRODUCT = NO;
				SWIFT_ACTIVE_COMPILATION_CONDITIONS = DEBUG;
				SWIFT_OPTIMIZATION_LEVEL = "-Onone";
				TARGETED_DEVICE_FAMILY = "1,2";
			};
			name = Debug;
		};
		F2D0CDA01CDD78CC0097775C /* Release */ = {
			isa = XCBuildConfiguration;
			buildSettings = {
				ALWAYS_SEARCH_USER_PATHS = NO;
				ASSETCATALOG_COMPRESSION = "respect-asset-catalog";
				CLANG_ANALYZER_NONNULL = YES;
				CLANG_CXX_LANGUAGE_STANDARD = "gnu++0x";
				CLANG_CXX_LIBRARY = "libc++";
				CLANG_ENABLE_MODULES = YES;
				CLANG_ENABLE_OBJC_ARC = YES;
				CLANG_WARN_BOOL_CONVERSION = YES;
				CLANG_WARN_CONSTANT_CONVERSION = YES;
				CLANG_WARN_DIRECT_OBJC_ISA_USAGE = YES_ERROR;
				CLANG_WARN_DOCUMENTATION_COMMENTS = YES;
				CLANG_WARN_EMPTY_BODY = YES;
				CLANG_WARN_ENUM_CONVERSION = YES;
				CLANG_WARN_INT_CONVERSION = YES;
				CLANG_WARN_OBJC_ROOT_CLASS = YES_ERROR;
				CLANG_WARN_UNREACHABLE_CODE = YES;
				CLANG_WARN__DUPLICATE_METHOD_MATCH = YES;
				CODE_SIGN_IDENTITY = "iPhone Developer";
				"CODE_SIGN_IDENTITY[sdk=iphoneos*]" = "iPhone Developer";
				COPY_PHASE_STRIP = NO;
				DEBUG_INFORMATION_FORMAT = "dwarf-with-dsym";
				ENABLE_NS_ASSERTIONS = NO;
				ENABLE_STRICT_OBJC_MSGSEND = YES;
				GCC_C_LANGUAGE_STANDARD = gnu99;
				GCC_NO_COMMON_BLOCKS = YES;
				GCC_WARN_64_TO_32_BIT_CONVERSION = YES;
				GCC_WARN_ABOUT_RETURN_TYPE = YES_ERROR;
				GCC_WARN_UNDECLARED_SELECTOR = YES;
				GCC_WARN_UNINITIALIZED_AUTOS = YES_AGGRESSIVE;
				GCC_WARN_UNUSED_FUNCTION = YES;
				GCC_WARN_UNUSED_VARIABLE = YES;
				IPHONEOS_DEPLOYMENT_TARGET = 10.0;
				MTL_ENABLE_DEBUG_INFO = NO;
				SDKROOT = iphoneos;
				SWIFT_OPTIMIZATION_LEVEL = "-Owholemodule";
				TARGETED_DEVICE_FAMILY = "1,2";
				VALIDATE_PRODUCT = YES;
			};
			name = Release;
		};
		F2D0CDA21CDD78CC0097775C /* Debug */ = {
			isa = XCBuildConfiguration;
			buildSettings = {
				ASSETCATALOG_COMPILER_APPICON_NAME = AppIcon;
				CLANG_ENABLE_MODULES = YES;
				"CODE_SIGN_IDENTITY[sdk=iphoneos*]" = "iPhone Developer";
				INFOPLIST_FILE = SpeedSketch/Info.plist;
				LD_RUNPATH_SEARCH_PATHS = "$(inherited) @executable_path/Frameworks";
				PRODUCT_BUNDLE_IDENTIFIER = "com.example.apple-samplecode.SpeedSketch";
				PRODUCT_NAME = "$(TARGET_NAME)";
				SWIFT_OPTIMIZATION_LEVEL = "-Onone";
				SWIFT_VERSION = 3.0;
				VALIDATE_PRODUCT = NO;
			};
			name = Debug;
		};
		F2D0CDA31CDD78CC0097775C /* Release */ = {
			isa = XCBuildConfiguration;
			buildSettings = {
				ASSETCATALOG_COMPILER_APPICON_NAME = AppIcon;
				CLANG_ENABLE_MODULES = YES;
				"CODE_SIGN_IDENTITY[sdk=iphoneos*]" = "iPhone Developer";
				INFOPLIST_FILE = SpeedSketch/Info.plist;
				LD_RUNPATH_SEARCH_PATHS = "$(inherited) @executable_path/Frameworks";
				PRODUCT_BUNDLE_IDENTIFIER = "com.example.apple-samplecode.SpeedSketch";
				PRODUCT_NAME = "$(TARGET_NAME)";
				SWIFT_VERSION = 3.0;
				VALIDATE_PRODUCT = NO;
			};
			name = Release;
		};
/* End XCBuildConfiguration section */

/* Begin XCConfigurationList section */
		F2D0CD8A1CDD78CC0097775C /* Build configuration list for PBXProject "SpeedSketch" */ = {
			isa = XCConfigurationList;
			buildConfigurations = (
				F2D0CD9F1CDD78CC0097775C /* Debug */,
				F2D0CDA01CDD78CC0097775C /* Release */,
			);
			defaultConfigurationIsVisible = 0;
			defaultConfigurationName = Release;
		};
		F2D0CDA11CDD78CC0097775C /* Build configuration list for PBXNativeTarget "SpeedSketch" */ = {
			isa = XCConfigurationList;
			buildConfigurations = (
				F2D0CDA21CDD78CC0097775C /* Debug */,
				F2D0CDA31CDD78CC0097775C /* Release */,
			);
			defaultConfigurationIsVisible = 0;
			defaultConfigurationName = Release;
		};
/* End XCConfigurationList section */
	};
	rootObject = F2D0CD871CDD78CC0097775C /* Project object */;
}
